
Microsoft Visual Studio Solution File, Format Version 12.00
# Visual Studio Version 16
VisualStudioVersion = 16.0.31019.35
MinimumVisualStudioVersion = 10.0.40219.1
Project("{FAE04EC0-301F-11D3-BF4B-00C04F79EFBC}") = "oLink", "olink092022\oLink\oLink.csproj", "{E82BA808-C99A-4052-8F12-746316D361E9}"
EndProject
Project("{FAE04EC0-301F-11D3-BF4B-00C04F79EFBC}") = "UnitTestProject2", "olink092022\UnitTestProject2\UnitTestProject2.csproj", "{C539B033-8048-4FC1-A265-982F7DC19A4B}"
EndProject
Project("{E24C65DC-7377-472B-9ABA-BC803B73C61A}") = "S3Web", "olink092022\oLink\WebResource\S3Web\", "{479C98C3-D8D5-4853-AA2F-4D1F2D05501B}"
	ProjectSection(WebsiteProperties) = preProject
		TargetFrameworkMoniker = ".NETFramework,Version%3Dv4.5"
		Debug.AspNetCompiler.VirtualPath = "/localhost_35624"
		Debug.AspNetCompiler.PhysicalPath = "olink092022\oLink\WebResource\S3Web\"
		Debug.AspNetCompiler.TargetPath = "PrecompiledWeb\localhost_35624\"
		Debug.AspNetCompiler.Updateable = "true"
		Debug.AspNetCompiler.ForceOverwrite = "true"
		Debug.AspNetCompiler.FixedNames = "false"
		Debug.AspNetCompiler.Debug = "True"
		Release.AspNetCompiler.VirtualPath = "/localhost_35624"
		Release.AspNetCompiler.PhysicalPath = "olink092022\oLink\WebResource\S3Web\"
		Release.AspNetCompiler.TargetPath = "PrecompiledWeb\localhost_35624\"
		Release.AspNetCompiler.Updateable = "true"
		Release.AspNetCompiler.ForceOverwrite = "true"
		Release.AspNetCompiler.FixedNames = "false"
		Release.AspNetCompiler.Debug = "False"
		VWDPort = "35624"
		SlnRelativePath = "olink092022\oLink\WebResource\S3Web\"
		DefaultWebSiteLanguage = "Visual C#"
	EndProjectSection
EndProject
Global
	GlobalSection(SolutionConfigurationPlatforms) = preSolution
		Debug|Any CPU = Debug|Any CPU
		Release|Any CPU = Release|Any CPU
	EndGlobalSection
	GlobalSection(ProjectConfigurationPlatforms) = postSolution
		{E82BA808-C99A-4052-8F12-746316D361E9}.Debug|Any CPU.ActiveCfg = Debug|Any CPU
		{E82BA808-C99A-4052-8F12-746316D361E9}.Debug|Any CPU.Build.0 = Debug|Any CPU
		{E82BA808-C99A-4052-8F12-746316D361E9}.Release|Any CPU.ActiveCfg = Release|Any CPU
		{E82BA808-C99A-4052-8F12-746316D361E9}.Release|Any CPU.Build.0 = Release|Any CPU
		{C539B033-8048-4FC1-A265-982F7DC19A4B}.Debug|Any CPU.ActiveCfg = Debug|Any CPU
		{C539B033-8048-4FC1-A265-982F7DC19A4B}.Debug|Any CPU.Build.0 = Debug|Any CPU
		{C539B033-8048-4FC1-A265-982F7DC19A4B}.Release|Any CPU.ActiveCfg = Release|Any CPU
		{C539B033-8048-4FC1-A265-982F7DC19A4B}.Release|Any CPU.Build.0 = Release|Any CPU
		{479C98C3-D8D5-4853-AA2F-4D1F2D05501B}.Debug|Any CPU.ActiveCfg = Debug|Any CPU
		{479C98C3-D8D5-4853-AA2F-4D1F2D05501B}.Release|Any CPU.ActiveCfg = Debug|Any CPU
		{479C98C3-D8D5-4853-AA2F-4D1F2D05501B}.Release|Any CPU.Build.0 = Debug|Any CPU
	EndGlobalSection
	GlobalSection(SolutionProperties) = preSolution
		HideSolutionNode = FALSE
	EndGlobalSection
	GlobalSection(ExtensibilityGlobals) = postSolution
		SolutionGuid = {CCBD8A6E-A552-43DC-870F-BB5D88D61A57}
	EndGlobalSection
EndGlobal
